
Microsoft Visual Studio Solution File, Format Version 12.00
# Visual Studio Version 17
VisualStudioVersion = 17.7.34024.191
MinimumVisualStudioVersion = 10.0.40219.1
Project("{FAE04EC0-301F-11D3-BF4B-00C04F79EFBC}") = "Serialization", "Serialization\Serialization.csproj", "{856783AC-2CC9-4C2B-8C09-6603D2EA8222}"
EndProject
Global
	GlobalSection(SolutionConfigurationPlatforms) = preSolution
		Debug|Any CPU = Debug|Any CPU
		Release|Any CPU = Release|Any CPU
	EndGlobalSection
	GlobalSection(ProjectConfigurationPlatforms) = postSolution
		{856783AC-2CC9-4C2B-8C09-6603D2EA8222}.Debug|Any CPU.ActiveCfg = Debug|Any CPU
		{856783AC-2CC9-4C2B-8C09-6603D2EA8222}.Debug|Any CPU.Build.0 = Debug|Any CPU
		{856783AC-2CC9-4C2B-8C09-6603D2EA8222}.Release|Any CPU.ActiveCfg = Release|Any CPU
		{856783AC-2CC9-4C2B-8C09-6603D2EA8222}.Release|Any CPU.Build.0 = Release|Any CPU
	EndGlobalSection
	GlobalSection(SolutionProperties) = preSolution
		HideSolutionNode = FALSE
	EndGlobalSection
	GlobalSection(ExtensibilityGlobals) = postSolution
		SolutionGuid = {D1F91DF5-767B-4E5F-8E0E-6DCD91776FE0}
	EndGlobalSection
EndGlobal
